
Microsoft Visual Studio Solution File, Format Version 12.00
# Visual Studio Version 16
VisualStudioVersion = 16.0.29102.190
MinimumVisualStudioVersion = 10.0.40219.1
Project("{FAE04EC0-301F-11D3-BF4B-00C04F79EFBC}") = "superHeroes", "superHeroes\superHeroes.csproj", "{AB0671E9-FBE3-41F8-868A-08F807770EE3}"
EndProject
Global
	GlobalSection(SolutionConfigurationPlatforms) = preSolution
		Debug|Any CPU = Debug|Any CPU
		Release|Any CPU = Release|Any CPU
	EndGlobalSection
	GlobalSection(ProjectConfigurationPlatforms) = postSolution
		{AB0671E9-FBE3-41F8-868A-08F807770EE3}.Debug|Any CPU.ActiveCfg = Debug|Any CPU
		{AB0671E9-FBE3-41F8-868A-08F807770EE3}.Debug|Any CPU.Build.0 = Debug|Any CPU
		{AB0671E9-FBE3-41F8-868A-08F807770EE3}.Release|Any CPU.ActiveCfg = Release|Any CPU
		{AB0671E9-FBE3-41F8-868A-08F807770EE3}.Release|Any CPU.Build.0 = Release|Any CPU
	EndGlobalSection
	GlobalSection(SolutionProperties) = preSolution
		HideSolutionNode = FALSE
	EndGlobalSection
	GlobalSection(ExtensibilityGlobals) = postSolution
		SolutionGuid = {84A687AC-C173-4271-BC7F-23C008D8F600}
	EndGlobalSection
EndGlobal
